
Microsoft Visual Studio Solution File, Format Version 12.00
# Visual Studio Version 17
VisualStudioVersion = 17.11.35303.130
MinimumVisualStudioVersion = 10.0.40219.1
Project("{FAE04EC0-301F-11D3-BF4B-00C04F79EFBC}") = "RabbitMQ.Consumer", "RabbitMQ.Consumer\RabbitMQ.Consumer.csproj", "{14FC0217-4B28-4B2E-926E-B74CB7EC381E}"
EndProject
Project("{FAE04EC0-301F-11D3-BF4B-00C04F79EFBC}") = "RabbitMQ.Publisher", "RabbitMQ.Publisher\RabbitMQ.Publisher.csproj", "{8409F74E-4578-47F9-8080-0BE5369D65FA}"
EndProject
Project("{FAE04EC0-301F-11D3-BF4B-00C04F79EFBC}") = "RabbitMQ.Direct.Exchange.Publisher", "RabbitMQ.Direct.Exchange.Publisher\RabbitMQ.Direct.Exchange.Publisher.csproj", "{716BA30A-723E-414E-9431-09F7A412D52C}"
EndProject
Project("{FAE04EC0-301F-11D3-BF4B-00C04F79EFBC}") = "RabbitMQ.Direct.Exchange.Consumer", "RabbitMQ.Direct.Exchange.Consumer\RabbitMQ.Direct.Exchange.Consumer.csproj", "{71EDD38B-429E-49B7-A933-90C6681D182E}"
EndProject
Global
	GlobalSection(SolutionConfigurationPlatforms) = preSolution
		Debug|Any CPU = Debug|Any CPU
		Release|Any CPU = Release|Any CPU
	EndGlobalSection
	GlobalSection(ProjectConfigurationPlatforms) = postSolution
		{14FC0217-4B28-4B2E-926E-B74CB7EC381E}.Debug|Any CPU.ActiveCfg = Debug|Any CPU
		{14FC0217-4B28-4B2E-926E-B74CB7EC381E}.Debug|Any CPU.Build.0 = Debug|Any CPU
		{14FC0217-4B28-4B2E-926E-B74CB7EC381E}.Release|Any CPU.ActiveCfg = Release|Any CPU
		{14FC0217-4B28-4B2E-926E-B74CB7EC381E}.Release|Any CPU.Build.0 = Release|Any CPU
		{8409F74E-4578-47F9-8080-0BE5369D65FA}.Debug|Any CPU.ActiveCfg = Debug|Any CPU
		{8409F74E-4578-47F9-8080-0BE5369D65FA}.Debug|Any CPU.Build.0 = Debug|Any CPU
		{8409F74E-4578-47F9-8080-0BE5369D65FA}.Release|Any CPU.ActiveCfg = Release|Any CPU
		{8409F74E-4578-47F9-8080-0BE5369D65FA}.Release|Any CPU.Build.0 = Release|Any CPU
		{716BA30A-723E-414E-9431-09F7A412D52C}.Debug|Any CPU.ActiveCfg = Debug|Any CPU
		{716BA30A-723E-414E-9431-09F7A412D52C}.Debug|Any CPU.Build.0 = Debug|Any CPU
		{716BA30A-723E-414E-9431-09F7A412D52C}.Release|Any CPU.ActiveCfg = Release|Any CPU
		{716BA30A-723E-414E-9431-09F7A412D52C}.Release|Any CPU.Build.0 = Release|Any CPU
		{71EDD38B-429E-49B7-A933-90C6681D182E}.Debug|Any CPU.ActiveCfg = Debug|Any CPU
		{71EDD38B-429E-49B7-A933-90C6681D182E}.Debug|Any CPU.Build.0 = Debug|Any CPU
		{71EDD38B-429E-49B7-A933-90C6681D182E}.Release|Any CPU.ActiveCfg = Release|Any CPU
		{71EDD38B-429E-49B7-A933-90C6681D182E}.Release|Any CPU.Build.0 = Release|Any CPU
	EndGlobalSection
	GlobalSection(SolutionProperties) = preSolution
		HideSolutionNode = FALSE
	EndGlobalSection
	GlobalSection(ExtensibilityGlobals) = postSolution
		SolutionGuid = {AB09F66C-7A2B-4A9E-AC4C-F51EA6387123}
	EndGlobalSection
EndGlobal
